
Microsoft Visual Studio Solution File, Format Version 12.00
# Visual Studio 15
VisualStudioVersion = 15.0.28307.539
MinimumVisualStudioVersion = 10.0.40219.1
Project("{9A19103F-16F7-4668-BE54-9A1E7A4F7556}") = "BankSystemConfigurationModule", "BankSystemConfigurationModule\BankSystemConfigurationModule.csproj", "{82C8570F-EEF8-4700-9494-552CC07D2D6D}"
EndProject
Project("{FAE04EC0-301F-11D3-BF4B-00C04F79EFBC}") = "BankSystemConfigurationModule.Tests", "BankSystemConfigurationModule.Tests\BankSystemConfigurationModule.Tests.csproj", "{5CA9DBD4-43CA-4DC8-82FC-8A5056F311F8}"
EndProject
Global
	GlobalSection(SolutionConfigurationPlatforms) = preSolution
		Debug|Any CPU = Debug|Any CPU
		Release|Any CPU = Release|Any CPU
	EndGlobalSection
	GlobalSection(ProjectConfigurationPlatforms) = postSolution
		{82C8570F-EEF8-4700-9494-552CC07D2D6D}.Debug|Any CPU.ActiveCfg = Debug|Any CPU
		{82C8570F-EEF8-4700-9494-552CC07D2D6D}.Debug|Any CPU.Build.0 = Debug|Any CPU
		{82C8570F-EEF8-4700-9494-552CC07D2D6D}.Release|Any CPU.ActiveCfg = Release|Any CPU
		{82C8570F-EEF8-4700-9494-552CC07D2D6D}.Release|Any CPU.Build.0 = Release|Any CPU
		{5CA9DBD4-43CA-4DC8-82FC-8A5056F311F8}.Debug|Any CPU.ActiveCfg = Debug|Any CPU
		{5CA9DBD4-43CA-4DC8-82FC-8A5056F311F8}.Debug|Any CPU.Build.0 = Debug|Any CPU
		{5CA9DBD4-43CA-4DC8-82FC-8A5056F311F8}.Release|Any CPU.ActiveCfg = Release|Any CPU
		{5CA9DBD4-43CA-4DC8-82FC-8A5056F311F8}.Release|Any CPU.Build.0 = Release|Any CPU
	EndGlobalSection
	GlobalSection(SolutionProperties) = preSolution
		HideSolutionNode = FALSE
	EndGlobalSection
	GlobalSection(ExtensibilityGlobals) = postSolution
		SolutionGuid = {82C71FA3-3979-4E33-A375-5095C0AEB010}
	EndGlobalSection
EndGlobal
